
Microsoft Visual Studio Solution File, Format Version 12.00
# Visual Studio Version 17
VisualStudioVersion = 17.0.32126.317
MinimumVisualStudioVersion = 10.0.40219.1
Project("{FAE04EC0-301F-11D3-BF4B-00C04F79EFBC}") = "ProgramacionAvanzada1", "ProgramacionAvanzada1\ProgramacionAvanzada1.csproj", "{546137BD-7100-41E3-A768-5965388C80EA}"
EndProject
Global
	GlobalSection(SolutionConfigurationPlatforms) = preSolution
		Debug|Any CPU = Debug|Any CPU
		Release|Any CPU = Release|Any CPU
	EndGlobalSection
	GlobalSection(ProjectConfigurationPlatforms) = postSolution
		{546137BD-7100-41E3-A768-5965388C80EA}.Debug|Any CPU.ActiveCfg = Debug|Any CPU
		{546137BD-7100-41E3-A768-5965388C80EA}.Debug|Any CPU.Build.0 = Debug|Any CPU
		{546137BD-7100-41E3-A768-5965388C80EA}.Release|Any CPU.ActiveCfg = Release|Any CPU
		{546137BD-7100-41E3-A768-5965388C80EA}.Release|Any CPU.Build.0 = Release|Any CPU
	EndGlobalSection
	GlobalSection(SolutionProperties) = preSolution
		HideSolutionNode = FALSE
	EndGlobalSection
	GlobalSection(ExtensibilityGlobals) = postSolution
		SolutionGuid = {C89EB4C1-2B6E-4C88-9637-B4AA842C787C}
	EndGlobalSection
EndGlobal
